
Microsoft Visual Studio Solution File, Format Version 12.00
Project("{FAE04EC0-301F-11D3-BF4B-00C04F79EFBC}") = "DNPAssigment1", "DNPAssigment1\DNPAssigment1.csproj", "{5CA4D1DE-7B58-4DC6-BF2B-E168FEA3BA36}"
EndProject
Global
	GlobalSection(SolutionConfigurationPlatforms) = preSolution
		Debug|Any CPU = Debug|Any CPU
		Release|Any CPU = Release|Any CPU
	EndGlobalSection
	GlobalSection(ProjectConfigurationPlatforms) = postSolution
		{5CA4D1DE-7B58-4DC6-BF2B-E168FEA3BA36}.Debug|Any CPU.ActiveCfg = Debug|Any CPU
		{5CA4D1DE-7B58-4DC6-BF2B-E168FEA3BA36}.Debug|Any CPU.Build.0 = Debug|Any CPU
		{5CA4D1DE-7B58-4DC6-BF2B-E168FEA3BA36}.Release|Any CPU.ActiveCfg = Release|Any CPU
		{5CA4D1DE-7B58-4DC6-BF2B-E168FEA3BA36}.Release|Any CPU.Build.0 = Release|Any CPU
	EndGlobalSection
EndGlobal
